
Microsoft Visual Studio Solution File, Format Version 12.00
# Visual Studio Version 16
VisualStudioVersion = 16.0.30907.101
MinimumVisualStudioVersion = 10.0.40219.1
Project("{9A19103F-16F7-4668-BE54-9A1E7A4F7556}") = "RTCAudioRecording", "rtc\RTCAudioRecording.csproj", "{AEC27727-6878-4704-8EF6-829451F5617D}"
EndProject
Global
	GlobalSection(SolutionConfigurationPlatforms) = preSolution
		Debug|Any CPU = Debug|Any CPU
		Release|Any CPU = Release|Any CPU
	EndGlobalSection
	GlobalSection(ProjectConfigurationPlatforms) = postSolution
		{AEC27727-6878-4704-8EF6-829451F5617D}.Debug|Any CPU.ActiveCfg = Debug|Any CPU
		{AEC27727-6878-4704-8EF6-829451F5617D}.Debug|Any CPU.Build.0 = Debug|Any CPU
		{AEC27727-6878-4704-8EF6-829451F5617D}.Release|Any CPU.ActiveCfg = Release|Any CPU
		{AEC27727-6878-4704-8EF6-829451F5617D}.Release|Any CPU.Build.0 = Release|Any CPU
	EndGlobalSection
	GlobalSection(SolutionProperties) = preSolution
		HideSolutionNode = FALSE
	EndGlobalSection
	GlobalSection(ExtensibilityGlobals) = postSolution
		SolutionGuid = {D972C540-6699-483C-87EA-77E6DFB66345}
	EndGlobalSection
EndGlobal
